{
  "name": "syncfusion",
  "version": "1.0.0",
  "lockfileVersion": 2,
  "requires": true,
  "packages": {
    "": {
      "name": "syncfusion",
      "version": "1.0.0",
      "dependencies": {
        "@syncfusion/ej2-js-es5": "^20.2.43"
      }
    },
    "node_modules/@syncfusion/ej2-js-es5": {
      "version": "20.2.43",
      "resolved": "https://registry.npmjs.org/@syncfusion/ej2-js-es5/-/ej2-js-es5-20.2.43.tgz",
      "integrity": "sha512-eHWcG7Z9/IrCyIDY/vXMtuFZl2VbYgnpJggE6Nodf6AZSghAw/djFk52kNMX9DzFCe+c/TU6XwElcfZ5PhWVHw=="
    }
  },
  "dependencies": {
    "@syncfusion/ej2-js-es5": {
      "version": "20.2.43",
      "resolved": "https://registry.npmjs.org/@syncfusion/ej2-js-es5/-/ej2-js-es5-20.2.43.tgz",
      "integrity": "sha512-eHWcG7Z9/IrCyIDY/vXMtuFZl2VbYgnpJggE6Nodf6AZSghAw/djFk52kNMX9DzFCe+c/TU6XwElcfZ5PhWVHw=="
    }
  }
}
